<?xml version="1.0" encoding="utf-8"?>
<Project ToolsVersion="17.0" xmlns="http://schemas.microsoft.com/developer/msbuild/2003">
  <ItemGroup>
    <ClCompile Include="D:\QtClip\src\app\main.cpp">
      <Filter>Source Files</Filter>
    </ClCompile>
    <ClCompile Include="D:\QtClip\src\core\database\qcdatabasemanager.cpp">
      <Filter>Source Files</Filter>
    </ClCompile>
    <ClCompile Include="D:\QtClip\src\core\database\qcdatabaseschema.cpp">
      <Filter>Source Files</Filter>
    </ClCompile>
    <ClCompile Include="D:\QtClip\src\core\database\qcdbenumcodec.cpp">
      <Filter>Source Files</Filter>
    </ClCompile>
    <ClCompile Include="D:\QtClip\src\domain\entities\qcstudysession.cpp">
      <Filter>Source Files</Filter>
    </ClCompile>
    <ClCompile Include="D:\QtClip\src\domain\entities\qcsnippet.cpp">
      <Filter>Source Files</Filter>
    </ClCompile>
    <ClCompile Include="D:\QtClip\src\domain\entities\qcattachment.cpp">
      <Filter>Source Files</Filter>
    </ClCompile>
    <ClCompile Include="D:\QtClip\src\domain\entities\qctag.cpp">
      <Filter>Source Files</Filter>
    </ClCompile>
    <ClCompile Include="D:\QtClip\src\domain\entities\qcairecord.cpp">
      <Filter>Source Files</Filter>
    </ClCompile>
    <ClCompile Include="D:\QtClip\src\domain\entities\qcappsetting.cpp">
      <Filter>Source Files</Filter>
    </ClCompile>
    <ClCompile Include="D:\QtClip\src\domain\entities\qcexportrecord.cpp">
      <Filter>Source Files</Filter>
    </ClCompile>
    <ClCompile Include="D:\QtClip\src\repository\sqlite\qcsessionrepositorysqlite.cpp">
      <Filter>Source Files</Filter>
    </ClCompile>
    <ClCompile Include="D:\QtClip\src\repository\sqlite\qcsnippetrepositorysqlite.cpp">
      <Filter>Source Files</Filter>
    </ClCompile>
    <ClCompile Include="D:\QtClip\src\repository\sqlite\qcairecordrepositorysqlite.cpp">
      <Filter>Source Files</Filter>
    </ClCompile>
    <ClCompile Include="D:\QtClip\src\repository\sqlite\qcsettingsrepositorysqlite.cpp">
      <Filter>Source Files</Filter>
    </ClCompile>
    <ClCompile Include="D:\QtClip\src\repository\sqlite\qctagrepositorysqlite.cpp">
      <Filter>Source Files</Filter>
    </ClCompile>
    <ClCompile Include="D:\QtClip\src\services\qcaiprovider.cpp">
      <Filter>Source Files</Filter>
    </ClCompile>
    <ClCompile Include="D:\QtClip\src\services\qcopenaicompatibleprovider.cpp">
      <Filter>Source Files</Filter>
    </ClCompile>
    <ClCompile Include="D:\QtClip\src\services\qcmockaiprovider.cpp">
      <Filter>Source Files</Filter>
    </ClCompile>
    <ClCompile Include="D:\QtClip\src\services\qcaiprocessservice.cpp">
      <Filter>Source Files</Filter>
    </ClCompile>
    <ClCompile Include="D:\QtClip\src\services\qcaiservice.cpp">
      <Filter>Source Files</Filter>
    </ClCompile>
    <ClCompile Include="D:\QtClip\src\services\qcexportdataservice.cpp">
      <Filter>Source Files</Filter>
    </ClCompile>
    <ClCompile Include="D:\QtClip\src\services\qcmdexportrenderer.cpp">
      <Filter>Source Files</Filter>
    </ClCompile>
    <ClCompile Include="D:\QtClip\src\services\qcmdexportservice.cpp">
      <Filter>Source Files</Filter>
    </ClCompile>
    <ClCompile Include="D:\QtClip\src\services\qcscreencaptureservice.cpp">
      <Filter>Source Files</Filter>
    </ClCompile>
    <ClCompile Include="D:\QtClip\src\services\qcsessionservice.cpp">
      <Filter>Source Files</Filter>
    </ClCompile>
    <ClCompile Include="D:\QtClip\src\services\qcsettingsservice.cpp">
      <Filter>Source Files</Filter>
    </ClCompile>
    <ClCompile Include="D:\QtClip\src\services\qcsnippetservice.cpp">
      <Filter>Source Files</Filter>
    </ClCompile>
    <ClCompile Include="D:\QtClip\src\services\qctagservice.cpp">
      <Filter>Source Files</Filter>
    </ClCompile>
    <ClCompile Include="D:\QtClip\src\ui\mainwindow\qcmainwindow.cpp">
      <Filter>Source Files</Filter>
    </ClCompile>
    <ClCompile Include="D:\QtClip\src\ui\dialogs\qcaisettingsdialog.cpp">
      <Filter>Source Files</Filter>
    </ClCompile>
    <ClCompile Include="D:\QtClip\src\ui\dialogs\qccreateimagesnippetdialog.cpp">
      <Filter>Source Files</Filter>
    </ClCompile>
    <ClCompile Include="D:\QtClip\src\ui\dialogs\qccreatesessiondialog.cpp">
      <Filter>Source Files</Filter>
    </ClCompile>
    <ClCompile Include="D:\QtClip\src\ui\dialogs\qccreatetextsnippetdialog.cpp">
      <Filter>Source Files</Filter>
    </ClCompile>
    <ClCompile Include="D:\QtClip\src\ui\dialogs\qcquickcapturedialog.cpp">
      <Filter>Source Files</Filter>
    </ClCompile>
    <ClCompile Include="D:\QtClip\src\ui\dialogs\qcsnippettagdialog.cpp">
      <Filter>Source Files</Filter>
    </ClCompile>
    <ClCompile Include="D:\QtClip\src\ui\widgets\qcscreenshotoverlay.cpp">
      <Filter>Source Files</Filter>
    </ClCompile>
  </ItemGroup>
  <ItemGroup>
    <CustomBuild Include="D:\QtClip\CMakeLists.txt" />
  </ItemGroup>
  <ItemGroup>
    <Filter Include="Source Files">
      <UniqueIdentifier>{E2E98D17-E470-3755-A910-DA67B17BA5BC}</UniqueIdentifier>
    </Filter>
  </ItemGroup>
</Project>
